
Microsoft Visual Studio Solution File, Format Version 12.00
# Visual Studio Version 17
VisualStudioVersion = 17.9.34728.123
MinimumVisualStudioVersion = 10.0.40219.1
Project("{8BC9CEB8-8B4A-11D0-8D11-00A0C91BC942}") = "PlusPlusTask4", "PlusPlusTask4\PlusPlusTask4.vcxproj", "{0161014D-E43E-4945-B134-92FFAD114ACC}"
EndProject
Global
	GlobalSection(SolutionConfigurationPlatforms) = preSolution
		Debug|x64 = Debug|x64
		Debug|x86 = Debug|x86
		Release|x64 = Release|x64
		Release|x86 = Release|x86
	EndGlobalSection
	GlobalSection(ProjectConfigurationPlatforms) = postSolution
		{0161014D-E43E-4945-B134-92FFAD114ACC}.Debug|x64.ActiveCfg = Debug|x64
		{0161014D-E43E-4945-B134-92FFAD114ACC}.Debug|x64.Build.0 = Debug|x64
		{0161014D-E43E-4945-B134-92FFAD114ACC}.Debug|x86.ActiveCfg = Debug|Win32
		{0161014D-E43E-4945-B134-92FFAD114ACC}.Debug|x86.Build.0 = Debug|Win32
		{0161014D-E43E-4945-B134-92FFAD114ACC}.Release|x64.ActiveCfg = Release|x64
		{0161014D-E43E-4945-B134-92FFAD114ACC}.Release|x64.Build.0 = Release|x64
		{0161014D-E43E-4945-B134-92FFAD114ACC}.Release|x86.ActiveCfg = Release|Win32
		{0161014D-E43E-4945-B134-92FFAD114ACC}.Release|x86.Build.0 = Release|Win32
	EndGlobalSection
	GlobalSection(SolutionProperties) = preSolution
		HideSolutionNode = FALSE
	EndGlobalSection
	GlobalSection(ExtensibilityGlobals) = postSolution
		SolutionGuid = {7B39B32E-CD4E-4BD5-BF23-C0C53C61A1AD}
	EndGlobalSection
EndGlobal
